PODS:
  - Alamofire (4.9.1)
  - IQKeyboardManagerSwift (6.5.9)
  - SDWebImage (5.12.5):
    - SDWebImage/Core (= 5.12.5)
  - SDWebImage/Core (5.12.5)
  - SwiftyJSON (5.0.1)

DEPENDENCIES:
  - Alamofire (~> 4.7)
  - IQKeyboardManagerSwift
  - SDWebImage
  - SwiftyJSON

SPEC REPOS:
  trunk:
    - Alamofire
    - IQKeyboardManagerSwift
    - SDWebImage
    - SwiftyJSON

SPEC CHECKSUMS:
  Alamofire: 85e8a02c69d6020a0d734f6054870d7ecb75cf18
  IQKeyboardManagerSwift: 6e839c575c4aa1078d58a596e41244e77abe918f
  SDWebImage: 0905f1b7760fc8ac4198cae0036600d67478751e
  SwiftyJSON: 2f33a42c6fbc52764d96f13368585094bfd8aa5e

PODFILE CHECKSUM: 10d44d8ae3f28e7e8bc19bbb8419bcd681b9cc92

COCOAPODS: 1.11.3
