// !$*UTF8*$!
{
	archiveVersion = 1;
	classes = {
	};
	objectVersion = 55;
	objects = {

/* Begin PBXBuildFile section */
		107F5B7427AA864303C57C2E /* Pods_Ad_Drive_Ad_DriveUITests.framework in Frameworks */ = {isa = PBXBuildFile; fileRef = 36293F71B94F3CBEDE845183 /* Pods_Ad_Drive_Ad_DriveUITests.framework */; };
		36039DB39D9D0177B329783A /* Pods_Ad_Drive.framework in Frameworks */ = {isa = PBXBuildFile; fileRef = 7B2EDE327E6779E08384D73B /* Pods_Ad_Drive.framework */; };
		880EB5D028644A2500AE058D /* AllowNotificationVC.swift in Sources */ = {isa = PBXBuildFile; fileRef = 880EB5CF28644A2500AE058D /* AllowNotificationVC.swift */; };
		880EB5D228644A6E00AE058D /* AllowMotionFitnessVC.swift in Sources */ = {isa = PBXBuildFile; fileRef = 880EB5D128644A6E00AE058D /* AllowMotionFitnessVC.swift */; };
		880EB5D428644ACA00AE058D /* AllowLocationServicesVC.swift in Sources */ = {isa = PBXBuildFile; fileRef = 880EB5D328644ACA00AE058D /* AllowLocationServicesVC.swift */; };
		880EB5D8286467A800AE058D /* WelcomeAppVC.swift in Sources */ = {isa = PBXBuildFile; fileRef = 880EB5D7286467A800AE058D /* WelcomeAppVC.swift */; };
		880EB5DA28646EDA00AE058D /* RegistrationVC.swift in Sources */ = {isa = PBXBuildFile; fileRef = 880EB5D928646EDA00AE058D /* RegistrationVC.swift */; };
		880EB5DC28647CB100AE058D /* FinishInformationVC.swift in Sources */ = {isa = PBXBuildFile; fileRef = 880EB5DB28647CB100AE058D /* FinishInformationVC.swift */; };
		8828837F286249EA00F7E3C8 /* ImagesViewController.swift in Sources */ = {isa = PBXBuildFile; fileRef = 8828837E286249EA00F7E3C8 /* ImagesViewController.swift */; };
		8828838228632E8000F7E3C8 /* GalleryViewController.swift in Sources */ = {isa = PBXBuildFile; fileRef = 8828838128632E8000F7E3C8 /* GalleryViewController.swift */; };
		88288387286333C700F7E3C8 /* ImagesCollectionViewCell.swift in Sources */ = {isa = PBXBuildFile; fileRef = 88288385286333C700F7E3C8 /* ImagesCollectionViewCell.swift */; };
		88288388286333C700F7E3C8 /* ImagesCollectionViewCell.xib in Resources */ = {isa = PBXBuildFile; fileRef = 88288386286333C700F7E3C8 /* ImagesCollectionViewCell.xib */; };
		884E63C5285F5F6300D1A075 /* CustomButton.swift in Sources */ = {isa = PBXBuildFile; fileRef = 884E63C4285F5F6300D1A075 /* CustomButton.swift */; };
		884E63C82860622000D1A075 /* DetailViewController.swift in Sources */ = {isa = PBXBuildFile; fileRef = 884E63C72860622000D1A075 /* DetailViewController.swift */; };
		884E63CA2860786F00D1A075 /* SettingViewController.swift in Sources */ = {isa = PBXBuildFile; fileRef = 884E63C92860786F00D1A075 /* SettingViewController.swift */; };
		8857A74097BE512FB976B161 /* Pods_Ad_DriveTests.framework in Frameworks */ = {isa = PBXBuildFile; fileRef = 1D68ABFBCCC79633283ABDD4 /* Pods_Ad_DriveTests.framework */; };
		886A9782286DC41000304FEB /* responseHandler.swift in Sources */ = {isa = PBXBuildFile; fileRef = 886A9781286DC41000304FEB /* responseHandler.swift */; };
		886A9788286DC9D400304FEB /* Car.swift in Sources */ = {isa = PBXBuildFile; fileRef = 886A9784286DC9D300304FEB /* Car.swift */; };
		886A9789286DC9D400304FEB /* Data.swift in Sources */ = {isa = PBXBuildFile; fileRef = 886A9785286DC9D300304FEB /* Data.swift */; };
		886A978A286DC9D400304FEB /* Compaign.swift in Sources */ = {isa = PBXBuildFile; fileRef = 886A9786286DC9D300304FEB /* Compaign.swift */; };
		8878B1B1284762D6008AD11D /* AppDelegate.swift in Sources */ = {isa = PBXBuildFile; fileRef = 8878B1B0284762D6008AD11D /* AppDelegate.swift */; };
		8878B1B3284762D6008AD11D /* SceneDelegate.swift in Sources */ = {isa = PBXBuildFile; fileRef = 8878B1B2284762D6008AD11D /* SceneDelegate.swift */; };
		8878B1B5284762D6008AD11D /* SplashVC.swift in Sources */ = {isa = PBXBuildFile; fileRef = 8878B1B4284762D6008AD11D /* SplashVC.swift */; };
		8878B1B8284762D6008AD11D /* Main.storyboard in Resources */ = {isa = PBXBuildFile; fileRef = 8878B1B6284762D6008AD11D /* Main.storyboard */; };
		8878B1BA284762D8008AD11D /* Assets.xcassets in Resources */ = {isa = PBXBuildFile; fileRef = 8878B1B9284762D8008AD11D /* Assets.xcassets */; };
		8878B1BD284762D8008AD11D /* LaunchScreen.storyboard in Resources */ = {isa = PBXBuildFile; fileRef = 8878B1BB284762D8008AD11D /* LaunchScreen.storyboard */; };
		8878B1C8284762D8008AD11D /* Ad_DriveTests.swift in Sources */ = {isa = PBXBuildFile; fileRef = 8878B1C7284762D8008AD11D /* Ad_DriveTests.swift */; };
		8878B1D2284762D8008AD11D /* Ad_DriveUITests.swift in Sources */ = {isa = PBXBuildFile; fileRef = 8878B1D1284762D8008AD11D /* Ad_DriveUITests.swift */; };
		8878B1D4284762D8008AD11D /* Ad_DriveUITestsLaunchTests.swift in Sources */ = {isa = PBXBuildFile; fileRef = 8878B1D3284762D8008AD11D /* Ad_DriveUITestsLaunchTests.swift */; };
		8878B1E3284763CD008AD11D /* CustomView.swift in Sources */ = {isa = PBXBuildFile; fileRef = 8878B1E2284763CD008AD11D /* CustomView.swift */; };
		8878B1E928479151008AD11D /* File.swift in Sources */ = {isa = PBXBuildFile; fileRef = 8878B1E828479151008AD11D /* File.swift */; };
		88798BE42865984E0037B2ED /* TabBarVC.swift in Sources */ = {isa = PBXBuildFile; fileRef = 88798BE32865984E0037B2ED /* TabBarVC.swift */; };
		88895B272859E81200646011 /* DriverConditionsTableViewCell.swift in Sources */ = {isa = PBXBuildFile; fileRef = 88895B252859E81200646011 /* DriverConditionsTableViewCell.swift */; };
		88895B282859E81200646011 /* DriverConditionsTableViewCell.xib in Resources */ = {isa = PBXBuildFile; fileRef = 88895B262859E81200646011 /* DriverConditionsTableViewCell.xib */; };
		88895B5E285B015400646011 /* TTNorms-ExtraBold.otf in Resources */ = {isa = PBXBuildFile; fileRef = 88895B2E285B015400646011 /* TTNorms-ExtraBold.otf */; };
		88895B5F285B015400646011 /* TTNorms-ExtraBoldItalic.otf in Resources */ = {isa = PBXBuildFile; fileRef = 88895B2F285B015400646011 /* TTNorms-ExtraBoldItalic.otf */; };
		88895B68285B015400646011 /* TTNorms-LightItalic.otf in Resources */ = {isa = PBXBuildFile; fileRef = 88895B38285B015400646011 /* TTNorms-LightItalic.otf */; };
		88895B6D285B015400646011 /* TTNorms-HeavyItalic.otf in Resources */ = {isa = PBXBuildFile; fileRef = 88895B3D285B015400646011 /* TTNorms-HeavyItalic.otf */; };
		88895B70285B015400646011 /* TTNorms-Black.otf in Resources */ = {isa = PBXBuildFile; fileRef = 88895B40285B015400646011 /* TTNorms-Black.otf */; };
		88895B73285B015400646011 /* TTNorms-BlackItalic.otf in Resources */ = {isa = PBXBuildFile; fileRef = 88895B43285B015400646011 /* TTNorms-BlackItalic.otf */; };
		88895B74285B015400646011 /* TTNorms-BoldItalic.otf in Resources */ = {isa = PBXBuildFile; fileRef = 88895B44285B015400646011 /* TTNorms-BoldItalic.otf */; };
		88895B75285B015400646011 /* TTNorms-Bold.otf in Resources */ = {isa = PBXBuildFile; fileRef = 88895B45285B015400646011 /* TTNorms-Bold.otf */; };
		88895B76285B015400646011 /* TTNorms-MediumItalic.otf in Resources */ = {isa = PBXBuildFile; fileRef = 88895B46285B015400646011 /* TTNorms-MediumItalic.otf */; };
		88895B77285B015400646011 /* TTNorms-ExtraLight.otf in Resources */ = {isa = PBXBuildFile; fileRef = 88895B47285B015400646011 /* TTNorms-ExtraLight.otf */; };
		88895B78285B015400646011 /* TTNorms-Regular.otf in Resources */ = {isa = PBXBuildFile; fileRef = 88895B48285B015400646011 /* TTNorms-Regular.otf */; };
		88895B79285B015400646011 /* TTNorms-Medium.otf in Resources */ = {isa = PBXBuildFile; fileRef = 88895B49285B015400646011 /* TTNorms-Medium.otf */; };
		88895B7A285B015400646011 /* TTNorms-ThinItalic.otf in Resources */ = {isa = PBXBuildFile; fileRef = 88895B4A285B015400646011 /* TTNorms-ThinItalic.otf */; };
		88895B7B285B015400646011 /* TTNorms-Thin.otf in Resources */ = {isa = PBXBuildFile; fileRef = 88895B4B285B015400646011 /* TTNorms-Thin.otf */; };
		88895B7C285B015400646011 /* TTNorms-Italic.otf in Resources */ = {isa = PBXBuildFile; fileRef = 88895B4C285B015400646011 /* TTNorms-Italic.otf */; };
		88895B7D285B015400646011 /* TTNorms-Heavy.otf in Resources */ = {isa = PBXBuildFile; fileRef = 88895B4D285B015400646011 /* TTNorms-Heavy.otf */; };
		88895B7F285B015400646011 /* TTNorms-ExtraLightItalic.otf in Resources */ = {isa = PBXBuildFile; fileRef = 88895B4F285B015400646011 /* TTNorms-ExtraLightItalic.otf */; };
		88895B82285B015400646011 /* TTNorms-Light.otf in Resources */ = {isa = PBXBuildFile; fileRef = 88895B52285B015400646011 /* TTNorms-Light.otf */; };
		88895B9D285B0C2800646011 /* TT Norms Pro Bold Italic.otf in Resources */ = {isa = PBXBuildFile; fileRef = 88895B8B285B0C2800646011 /* TT Norms Pro Bold Italic.otf */; };
		88895B9E285B0C2800646011 /* TT Norms Pro ExtraBold.otf in Resources */ = {isa = PBXBuildFile; fileRef = 88895B8C285B0C2800646011 /* TT Norms Pro ExtraBold.otf */; };
		88895B9F285B0C2800646011 /* TT Norms Pro Italic.otf in Resources */ = {isa = PBXBuildFile; fileRef = 88895B8D285B0C2800646011 /* TT Norms Pro Italic.otf */; };
		88895BA0285B0C2800646011 /* TT Norms Pro Black.otf in Resources */ = {isa = PBXBuildFile; fileRef = 88895B8E285B0C2800646011 /* TT Norms Pro Black.otf */; };
		88895BA1285B0C2800646011 /* TT Norms Pro Light Italic.otf in Resources */ = {isa = PBXBuildFile; fileRef = 88895B8F285B0C2800646011 /* TT Norms Pro Light Italic.otf */; };
		88895BA2285B0C2800646011 /* TT Norms Pro ExtraBlack Italic.otf in Resources */ = {isa = PBXBuildFile; fileRef = 88895B90285B0C2800646011 /* TT Norms Pro ExtraBlack Italic.otf */; };
		88895BA3285B0C2800646011 /* TT Norms Pro Regular.otf in Resources */ = {isa = PBXBuildFile; fileRef = 88895B91285B0C2800646011 /* TT Norms Pro Regular.otf */; };
		88895BA4285B0C2800646011 /* TT Norms Pro ExtraLight.otf in Resources */ = {isa = PBXBuildFile; fileRef = 88895B92285B0C2800646011 /* TT Norms Pro ExtraLight.otf */; };
		88895BA5285B0C2800646011 /* TT Norms Pro Thin Italic.otf in Resources */ = {isa = PBXBuildFile; fileRef = 88895B93285B0C2800646011 /* TT Norms Pro Thin Italic.otf */; };
		88895BA6285B0C2800646011 /* TT Norms Pro ExtraBlack.otf in Resources */ = {isa = PBXBuildFile; fileRef = 88895B94285B0C2800646011 /* TT Norms Pro ExtraBlack.otf */; };
		88895BA7285B0C2800646011 /* TT Norms Pro Bold.otf in Resources */ = {isa = PBXBuildFile; fileRef = 88895B95285B0C2800646011 /* TT Norms Pro Bold.otf */; };
		88895BA8285B0C2800646011 /* TT Norms Pro ExtraLight Italic.otf in Resources */ = {isa = PBXBuildFile; fileRef = 88895B96285B0C2800646011 /* TT Norms Pro ExtraLight Italic.otf */; };
		88895BA9285B0C2800646011 /* TT Norms Pro Light.otf in Resources */ = {isa = PBXBuildFile; fileRef = 88895B97285B0C2800646011 /* TT Norms Pro Light.otf */; };
		88895BAA285B0C2800646011 /* TT Norms Pro Medium Italic.otf in Resources */ = {isa = PBXBuildFile; fileRef = 88895B98285B0C2800646011 /* TT Norms Pro Medium Italic.otf */; };
		88895BAB285B0C2800646011 /* TT Norms Pro Black Italic.otf in Resources */ = {isa = PBXBuildFile; fileRef = 88895B99285B0C2800646011 /* TT Norms Pro Black Italic.otf */; };
		88895BAC285B0C2800646011 /* TT Norms Pro ExtraBold Italic.otf in Resources */ = {isa = PBXBuildFile; fileRef = 88895B9A285B0C2800646011 /* TT Norms Pro ExtraBold Italic.otf */; };
		88895BAD285B0C2800646011 /* TT Norms Pro Medium.otf in Resources */ = {isa = PBXBuildFile; fileRef = 88895B9B285B0C2800646011 /* TT Norms Pro Medium.otf */; };
		88895BAE285B0C2800646011 /* TT Norms Pro Thin.otf in Resources */ = {isa = PBXBuildFile; fileRef = 88895B9C285B0C2800646011 /* TT Norms Pro Thin.otf */; };
		88895BB0285B182500646011 /* ConditionsViewController.swift in Sources */ = {isa = PBXBuildFile; fileRef = 88895BAF285B182500646011 /* ConditionsViewController.swift */; };
		88AF8861285DF1E20035B0C6 /* LoginViewController.swift in Sources */ = {isa = PBXBuildFile; fileRef = 88AF8860285DF1E20035B0C6 /* LoginViewController.swift */; };
		CE27FC02286C79DC00A01595 /* ApiService.swift in Sources */ = {isa = PBXBuildFile; fileRef = CE27FC01286C79DC00A01595 /* ApiService.swift */; };
		CE27FC04286C7A1A00A01595 /* Endpoints.swift in Sources */ = {isa = PBXBuildFile; fileRef = CE27FC03286C7A1A00A01595 /* Endpoints.swift */; };
		CE560171287ECD9400B69767 /* ChatMainVC.swift in Sources */ = {isa = PBXBuildFile; fileRef = CE560170287ECD9400B69767 /* ChatMainVC.swift */; };
		CE560173287ECDA800B69767 /* MessagingVC.swift in Sources */ = {isa = PBXBuildFile; fileRef = CE560172287ECDA800B69767 /* MessagingVC.swift */; };
		CE560177287ECFDF00B69767 /* ChatMainTVCell.swift in Sources */ = {isa = PBXBuildFile; fileRef = CE560175287ECFDF00B69767 /* ChatMainTVCell.swift */; };
		CE560178287ECFDF00B69767 /* ChatMainTVCell.xib in Resources */ = {isa = PBXBuildFile; fileRef = CE560176287ECFDF00B69767 /* ChatMainTVCell.xib */; };
		CE56017B287ED34300B69767 /* ChatMeTVCell.swift in Sources */ = {isa = PBXBuildFile; fileRef = CE560179287ED34300B69767 /* ChatMeTVCell.swift */; };
		CE56017C287ED34300B69767 /* ChatMeTVCell.xib in Resources */ = {isa = PBXBuildFile; fileRef = CE56017A287ED34300B69767 /* ChatMeTVCell.xib */; };
		CE56017F287ED6C100B69767 /* ChatOtherTVCell.swift in Sources */ = {isa = PBXBuildFile; fileRef = CE56017D287ED6C100B69767 /* ChatOtherTVCell.swift */; };
		CE560180287ED6C100B69767 /* ChatOtherTVCell.xib in Resources */ = {isa = PBXBuildFile; fileRef = CE56017E287ED6C100B69767 /* ChatOtherTVCell.xib */; };
		CE560182287F46A400B69767 /* LoginResponseModel.swift in Sources */ = {isa = PBXBuildFile; fileRef = CE560181287F46A400B69767 /* LoginResponseModel.swift */; };
		CE560184287FF54700B69767 /* DataManager.swift in Sources */ = {isa = PBXBuildFile; fileRef = CE560183287FF54700B69767 /* DataManager.swift */; };
/* End PBXBuildFile section */

/* Begin PBXContainerItemProxy section */
		8878B1C4284762D8008AD11D /* PBXContainerItemProxy */ = {
			isa = PBXContainerItemProxy;
			containerPortal = 8878B1A5284762D6008AD11D /* Project object */;
			proxyType = 1;
			remoteGlobalIDString = 8878B1AC284762D6008AD11D;
			remoteInfo = "Ad-Drive";
		};
		8878B1CE284762D8008AD11D /* PBXContainerItemProxy */ = {
			isa = PBXContainerItemProxy;
			containerPortal = 8878B1A5284762D6008AD11D /* Project object */;
			proxyType = 1;
			remoteGlobalIDString = 8878B1AC284762D6008AD11D;
			remoteInfo = "Ad-Drive";
		};
/* End PBXContainerItemProxy section */

/* Begin PBXFileReference section */
		1D68ABFBCCC79633283ABDD4 /* Pods_Ad_DriveTests.framework */ = {isa = PBXFileReference; explicitFileType = wrapper.framework; includeInIndex = 0; path = Pods_Ad_DriveTests.framework; sourceTree = BUILT_PRODUCTS_DIR; };
		36293F71B94F3CBEDE845183 /* Pods_Ad_Drive_Ad_DriveUITests.framework */ = {isa = PBXFileReference; explicitFileType = wrapper.framework; includeInIndex = 0; path = Pods_Ad_Drive_Ad_DriveUITests.framework; sourceTree = BUILT_PRODUCTS_DIR; };
		5432C9BCB2893092359A6BAD /* Pods-Ad-Drive.release.xcconfig */ = {isa = PBXFileReference; includeInIndex = 1; lastKnownFileType = text.xcconfig; name = "Pods-Ad-Drive.release.xcconfig"; path = "Target Support Files/Pods-Ad-Drive/Pods-Ad-Drive.release.xcconfig"; sourceTree = "<group>"; };
		6008A1B6E961496C0D82B350 /* Pods-Ad-Drive-Ad-DriveUITests.release.xcconfig */ = {isa = PBXFileReference; includeInIndex = 1; lastKnownFileType = text.xcconfig; name = "Pods-Ad-Drive-Ad-DriveUITests.release.xcconfig"; path = "Target Support Files/Pods-Ad-Drive-Ad-DriveUITests/Pods-Ad-Drive-Ad-DriveUITests.release.xcconfig"; sourceTree = "<group>"; };
		7B2EDE327E6779E08384D73B /* Pods_Ad_Drive.framework */ = {isa = PBXFileReference; explicitFileType = wrapper.framework; includeInIndex = 0; path = Pods_Ad_Drive.framework; sourceTree = BUILT_PRODUCTS_DIR; };
		880EB5CF28644A2500AE058D /* AllowNotificationVC.swift */ = {isa = PBXFileReference; lastKnownFileType = sourcecode.swift; path = AllowNotificationVC.swift; sourceTree = "<group>"; };
		880EB5D128644A6E00AE058D /* AllowMotionFitnessVC.swift */ = {isa = PBXFileReference; lastKnownFileType = sourcecode.swift; path = AllowMotionFitnessVC.swift; sourceTree = "<group>"; };
		880EB5D328644ACA00AE058D /* AllowLocationServicesVC.swift */ = {isa = PBXFileReference; lastKnownFileType = sourcecode.swift; path = AllowLocationServicesVC.swift; sourceTree = "<group>"; };
		880EB5D7286467A800AE058D /* WelcomeAppVC.swift */ = {isa = PBXFileReference; lastKnownFileType = sourcecode.swift; path = WelcomeAppVC.swift; sourceTree = "<group>"; };
		880EB5D928646EDA00AE058D /* RegistrationVC.swift */ = {isa = PBXFileReference; lastKnownFileType = sourcecode.swift; path = RegistrationVC.swift; sourceTree = "<group>"; };
		880EB5DB28647CB100AE058D /* FinishInformationVC.swift */ = {isa = PBXFileReference; lastKnownFileType = sourcecode.swift; path = FinishInformationVC.swift; sourceTree = "<group>"; };
		8828837E286249EA00F7E3C8 /* ImagesViewController.swift */ = {isa = PBXFileReference; lastKnownFileType = sourcecode.swift; path = ImagesViewController.swift; sourceTree = "<group>"; };
		8828838128632E8000F7E3C8 /* GalleryViewController.swift */ = {isa = PBXFileReference; lastKnownFileType = sourcecode.swift; path = GalleryViewController.swift; sourceTree = "<group>"; };
		88288385286333C700F7E3C8 /* ImagesCollectionViewCell.swift */ = {isa = PBXFileReference; lastKnownFileType = sourcecode.swift; path = ImagesCollectionViewCell.swift; sourceTree = "<group>"; };
		88288386286333C700F7E3C8 /* ImagesCollectionViewCell.xib */ = {isa = PBXFileReference; lastKnownFileType = file.xib; path = ImagesCollectionViewCell.xib; sourceTree = "<group>"; };
		884E63C4285F5F6300D1A075 /* CustomButton.swift */ = {isa = PBXFileReference; lastKnownFileType = sourcecode.swift; path = CustomButton.swift; sourceTree = "<group>"; };
		884E63C72860622000D1A075 /* DetailViewController.swift */ = {isa = PBXFileReference; lastKnownFileType = sourcecode.swift; path = DetailViewController.swift; sourceTree = "<group>"; };
		884E63C92860786F00D1A075 /* SettingViewController.swift */ = {isa = PBXFileReference; lastKnownFileType = sourcecode.swift; path = SettingViewController.swift; sourceTree = "<group>"; };
		886A9781286DC41000304FEB /* responseHandler.swift */ = {isa = PBXFileReference; lastKnownFileType = sourcecode.swift; path = responseHandler.swift; sourceTree = "<group>"; };
		886A9784286DC9D300304FEB /* Car.swift */ = {isa = PBXFileReference; fileEncoding = 4; lastKnownFileType = sourcecode.swift; path = Car.swift; sourceTree = "<group>"; };
		886A9785286DC9D300304FEB /* Data.swift */ = {isa = PBXFileReference; fileEncoding = 4; lastKnownFileType = sourcecode.swift; path = Data.swift; sourceTree = "<group>"; };
		886A9786286DC9D300304FEB /* Compaign.swift */ = {isa = PBXFileReference; fileEncoding = 4; lastKnownFileType = sourcecode.swift; path = Compaign.swift; sourceTree = "<group>"; };
		8878B1AD284762D6008AD11D /* Ad-Drive.app */ = {isa = PBXFileReference; explicitFileType = wrapper.application; includeInIndex = 0; path = "Ad-Drive.app"; sourceTree = BUILT_PRODUCTS_DIR; };
		8878B1B0284762D6008AD11D /* AppDelegate.swift */ = {isa = PBXFileReference; lastKnownFileType = sourcecode.swift; path = AppDelegate.swift; sourceTree = "<group>"; };
		8878B1B2284762D6008AD11D /* SceneDelegate.swift */ = {isa = PBXFileReference; lastKnownFileType = sourcecode.swift; path = SceneDelegate.swift; sourceTree = "<group>"; };
		8878B1B4284762D6008AD11D /* SplashVC.swift */ = {isa = PBXFileReference; lastKnownFileType = sourcecode.swift; path = SplashVC.swift; sourceTree = "<group>"; };
		8878B1B7284762D6008AD11D /* Base */ = {isa = PBXFileReference; lastKnownFileType = file.storyboard; name = Base; path = Base.lproj/Main.storyboard; sourceTree = "<group>"; };
		8878B1B9284762D8008AD11D /* Assets.xcassets */ = {isa = PBXFileReference; lastKnownFileType = folder.assetcatalog; path = Assets.xcassets; sourceTree = "<group>"; };
		8878B1BC284762D8008AD11D /* Base */ = {isa = PBXFileReference; lastKnownFileType = file.storyboard; name = Base; path = Base.lproj/LaunchScreen.storyboard; sourceTree = "<group>"; };
		8878B1BE284762D8008AD11D /* Info.plist */ = {isa = PBXFileReference; lastKnownFileType = text.plist.xml; path = Info.plist; sourceTree = "<group>"; };
		8878B1C3284762D8008AD11D /* Ad-DriveTests.xctest */ = {isa = PBXFileReference; explicitFileType = wrapper.cfbundle; includeInIndex = 0; path = "Ad-DriveTests.xctest"; sourceTree = BUILT_PRODUCTS_DIR; };
		8878B1C7284762D8008AD11D /* Ad_DriveTests.swift */ = {isa = PBXFileReference; lastKnownFileType = sourcecode.swift; path = Ad_DriveTests.swift; sourceTree = "<group>"; };
		8878B1CD284762D8008AD11D /* Ad-DriveUITests.xctest */ = {isa = PBXFileReference; explicitFileType = wrapper.cfbundle; includeInIndex = 0; path = "Ad-DriveUITests.xctest"; sourceTree = BUILT_PRODUCTS_DIR; };
		8878B1D1284762D8008AD11D /* Ad_DriveUITests.swift */ = {isa = PBXFileReference; lastKnownFileType = sourcecode.swift; path = Ad_DriveUITests.swift; sourceTree = "<group>"; };
		8878B1D3284762D8008AD11D /* Ad_DriveUITestsLaunchTests.swift */ = {isa = PBXFileReference; lastKnownFileType = sourcecode.swift; path = Ad_DriveUITestsLaunchTests.swift; sourceTree = "<group>"; };
		8878B1E2284763CD008AD11D /* CustomView.swift */ = {isa = PBXFileReference; lastKnownFileType = sourcecode.swift; path = CustomView.swift; sourceTree = "<group>"; };
		8878B1E828479151008AD11D /* File.swift */ = {isa = PBXFileReference; lastKnownFileType = sourcecode.swift; path = File.swift; sourceTree = "<group>"; };
		88798BE32865984E0037B2ED /* TabBarVC.swift */ = {isa = PBXFileReference; lastKnownFileType = sourcecode.swift; path = TabBarVC.swift; sourceTree = "<group>"; };
		88895B252859E81200646011 /* DriverConditionsTableViewCell.swift */ = {isa = PBXFileReference; lastKnownFileType = sourcecode.swift; path = DriverConditionsTableViewCell.swift; sourceTree = "<group>"; };
		88895B262859E81200646011 /* DriverConditionsTableViewCell.xib */ = {isa = PBXFileReference; lastKnownFileType = file.xib; path = DriverConditionsTableViewCell.xib; sourceTree = "<group>"; };
		88895B2E285B015400646011 /* TTNorms-ExtraBold.otf */ = {isa = PBXFileReference; lastKnownFileType = file; path = "TTNorms-ExtraBold.otf"; sourceTree = "<group>"; };
		88895B2F285B015400646011 /* TTNorms-ExtraBoldItalic.otf */ = {isa = PBXFileReference; lastKnownFileType = file; path = "TTNorms-ExtraBoldItalic.otf"; sourceTree = "<group>"; };
		88895B38285B015400646011 /* TTNorms-LightItalic.otf */ = {isa = PBXFileReference; lastKnownFileType = file; path = "TTNorms-LightItalic.otf"; sourceTree = "<group>"; };
		88895B3D285B015400646011 /* TTNorms-HeavyItalic.otf */ = {isa = PBXFileReference; lastKnownFileType = file; path = "TTNorms-HeavyItalic.otf"; sourceTree = "<group>"; };
		88895B40285B015400646011 /* TTNorms-Black.otf */ = {isa = PBXFileReference; lastKnownFileType = file; path = "TTNorms-Black.otf"; sourceTree = "<group>"; };
		88895B43285B015400646011 /* TTNorms-BlackItalic.otf */ = {isa = PBXFileReference; lastKnownFileType = file; path = "TTNorms-BlackItalic.otf"; sourceTree = "<group>"; };
		88895B44285B015400646011 /* TTNorms-BoldItalic.otf */ = {isa = PBXFileReference; lastKnownFileType = file; path = "TTNorms-BoldItalic.otf"; sourceTree = "<group>"; };
		88895B45285B015400646011 /* TTNorms-Bold.otf */ = {isa = PBXFileReference; lastKnownFileType = file; path = "TTNorms-Bold.otf"; sourceTree = "<group>"; };
		88895B46285B015400646011 /* TTNorms-MediumItalic.otf */ = {isa = PBXFileReference; lastKnownFileType = file; path = "TTNorms-MediumItalic.otf"; sourceTree = "<group>"; };
		88895B47285B015400646011 /* TTNorms-ExtraLight.otf */ = {isa = PBXFileReference; lastKnownFileType = file; path = "TTNorms-ExtraLight.otf"; sourceTree = "<group>"; };
		88895B48285B015400646011 /* TTNorms-Regular.otf */ = {isa = PBXFileReference; lastKnownFileType = file; path = "TTNorms-Regular.otf"; sourceTree = "<group>"; };
		88895B49285B015400646011 /* TTNorms-Medium.otf */ = {isa = PBXFileReference; lastKnownFileType = file; path = "TTNorms-Medium.otf"; sourceTree = "<group>"; };
		88895B4A285B015400646011 /* TTNorms-ThinItalic.otf */ = {isa = PBXFileReference; lastKnownFileType = file; path = "TTNorms-ThinItalic.otf"; sourceTree = "<group>"; };
		88895B4B285B015400646011 /* TTNorms-Thin.otf */ = {isa = PBXFileReference; lastKnownFileType = file; path = "TTNorms-Thin.otf"; sourceTree = "<group>"; };
		88895B4C285B015400646011 /* TTNorms-Italic.otf */ = {isa = PBXFileReference; lastKnownFileType = file; path = "TTNorms-Italic.otf"; sourceTree = "<group>"; };
		88895B4D285B015400646011 /* TTNorms-Heavy.otf */ = {isa = PBXFileReference; lastKnownFileType = file; path = "TTNorms-Heavy.otf"; sourceTree = "<group>"; };
		88895B4F285B015400646011 /* TTNorms-ExtraLightItalic.otf */ = {isa = PBXFileReference; lastKnownFileType = file; path = "TTNorms-ExtraLightItalic.otf"; sourceTree = "<group>"; };
		88895B52285B015400646011 /* TTNorms-Light.otf */ = {isa = PBXFileReference; lastKnownFileType = file; path = "TTNorms-Light.otf"; sourceTree = "<group>"; };
		88895B8B285B0C2800646011 /* TT Norms Pro Bold Italic.otf */ = {isa = PBXFileReference; lastKnownFileType = file; path = "TT Norms Pro Bold Italic.otf"; sourceTree = "<group>"; };
		88895B8C285B0C2800646011 /* TT Norms Pro ExtraBold.otf */ = {isa = PBXFileReference; lastKnownFileType = file; path = "TT Norms Pro ExtraBold.otf"; sourceTree = "<group>"; };
		88895B8D285B0C2800646011 /* TT Norms Pro Italic.otf */ = {isa = PBXFileReference; lastKnownFileType = file; path = "TT Norms Pro Italic.otf"; sourceTree = "<group>"; };
		88895B8E285B0C2800646011 /* TT Norms Pro Black.otf */ = {isa = PBXFileReference; lastKnownFileType = file; path = "TT Norms Pro Black.otf"; sourceTree = "<group>"; };
		88895B8F285B0C2800646011 /* TT Norms Pro Light Italic.otf */ = {isa = PBXFileReference; lastKnownFileType = file; path = "TT Norms Pro Light Italic.otf"; sourceTree = "<group>"; };
		88895B90285B0C2800646011 /* TT Norms Pro ExtraBlack Italic.otf */ = {isa = PBXFileReference; lastKnownFileType = file; path = "TT Norms Pro ExtraBlack Italic.otf"; sourceTree = "<group>"; };
		88895B91285B0C2800646011 /* TT Norms Pro Regular.otf */ = {isa = PBXFileReference; lastKnownFileType = file; path = "TT Norms Pro Regular.otf"; sourceTree = "<group>"; };
		88895B92285B0C2800646011 /* TT Norms Pro ExtraLight.otf */ = {isa = PBXFileReference; lastKnownFileType = file; path = "TT Norms Pro ExtraLight.otf"; sourceTree = "<group>"; };
		88895B93285B0C2800646011 /* TT Norms Pro Thin Italic.otf */ = {isa = PBXFileReference; lastKnownFileType = file; path = "TT Norms Pro Thin Italic.otf"; sourceTree = "<group>"; };
		88895B94285B0C2800646011 /* TT Norms Pro ExtraBlack.otf */ = {isa = PBXFileReference; lastKnownFileType = file; path = "TT Norms Pro ExtraBlack.otf"; sourceTree = "<group>"; };
		88895B95285B0C2800646011 /* TT Norms Pro Bold.otf */ = {isa = PBXFileReference; lastKnownFileType = file; path = "TT Norms Pro Bold.otf"; sourceTree = "<group>"; };
		88895B96285B0C2800646011 /* TT Norms Pro ExtraLight Italic.otf */ = {isa = PBXFileReference; lastKnownFileType = file; path = "TT Norms Pro ExtraLight Italic.otf"; sourceTree = "<group>"; };
		88895B97285B0C2800646011 /* TT Norms Pro Light.otf */ = {isa = PBXFileReference; lastKnownFileType = file; path = "TT Norms Pro Light.otf"; sourceTree = "<group>"; };
		88895B98285B0C2800646011 /* TT Norms Pro Medium Italic.otf */ = {isa = PBXFileReference; lastKnownFileType = file; path = "TT Norms Pro Medium Italic.otf"; sourceTree = "<group>"; };
		88895B99285B0C2800646011 /* TT Norms Pro Black Italic.otf */ = {isa = PBXFileReference; lastKnownFileType = file; path = "TT Norms Pro Black Italic.otf"; sourceTree = "<group>"; };
		88895B9A285B0C2800646011 /* TT Norms Pro ExtraBold Italic.otf */ = {isa = PBXFileReference; lastKnownFileType = file; path = "TT Norms Pro ExtraBold Italic.otf"; sourceTree = "<group>"; };
		88895B9B285B0C2800646011 /* TT Norms Pro Medium.otf */ = {isa = PBXFileReference; lastKnownFileType = file; path = "TT Norms Pro Medium.otf"; sourceTree = "<group>"; };
		88895B9C285B0C2800646011 /* TT Norms Pro Thin.otf */ = {isa = PBXFileReference; lastKnownFileType = file; path = "TT Norms Pro Thin.otf"; sourceTree = "<group>"; };
		88895BAF285B182500646011 /* ConditionsViewController.swift */ = {isa = PBXFileReference; lastKnownFileType = sourcecode.swift; path = ConditionsViewController.swift; sourceTree = "<group>"; };
		88AF8860285DF1E20035B0C6 /* LoginViewController.swift */ = {isa = PBXFileReference; lastKnownFileType = sourcecode.swift; path = LoginViewController.swift; sourceTree = "<group>"; };
		B9B99967ADCB646972F4BAAC /* Pods-Ad-Drive.debug.xcconfig */ = {isa = PBXFileReference; includeInIndex = 1; lastKnownFileType = text.xcconfig; name = "Pods-Ad-Drive.debug.xcconfig"; path = "Target Support Files/Pods-Ad-Drive/Pods-Ad-Drive.debug.xcconfig"; sourceTree = "<group>"; };
		BB2E76E820C1A866A408C911 /* Pods-Ad-Drive-Ad-DriveUITests.debug.xcconfig */ = {isa = PBXFileReference; includeInIndex = 1; lastKnownFileType = text.xcconfig; name = "Pods-Ad-Drive-Ad-DriveUITests.debug.xcconfig"; path = "Target Support Files/Pods-Ad-Drive-Ad-DriveUITests/Pods-Ad-Drive-Ad-DriveUITests.debug.xcconfig"; sourceTree = "<group>"; };
		CE27FC01286C79DC00A01595 /* ApiService.swift */ = {isa = PBXFileReference; lastKnownFileType = sourcecode.swift; path = ApiService.swift; sourceTree = "<group>"; };
		CE27FC03286C7A1A00A01595 /* Endpoints.swift */ = {isa = PBXFileReference; lastKnownFileType = sourcecode.swift; path = Endpoints.swift; sourceTree = "<group>"; };
		CE560170287ECD9400B69767 /* ChatMainVC.swift */ = {isa = PBXFileReference; lastKnownFileType = sourcecode.swift; path = ChatMainVC.swift; sourceTree = "<group>"; };
		CE560172287ECDA800B69767 /* MessagingVC.swift */ = {isa = PBXFileReference; lastKnownFileType = sourcecode.swift; path = MessagingVC.swift; sourceTree = "<group>"; };
		CE560175287ECFDF00B69767 /* ChatMainTVCell.swift */ = {isa = PBXFileReference; lastKnownFileType = sourcecode.swift; path = ChatMainTVCell.swift; sourceTree = "<group>"; };
		CE560176287ECFDF00B69767 /* ChatMainTVCell.xib */ = {isa = PBXFileReference; lastKnownFileType = file.xib; path = ChatMainTVCell.xib; sourceTree = "<group>"; };
		CE560179287ED34300B69767 /* ChatMeTVCell.swift */ = {isa = PBXFileReference; lastKnownFileType = sourcecode.swift; path = ChatMeTVCell.swift; sourceTree = "<group>"; };
		CE56017A287ED34300B69767 /* ChatMeTVCell.xib */ = {isa = PBXFileReference; lastKnownFileType = file.xib; path = ChatMeTVCell.xib; sourceTree = "<group>"; };
		CE56017D287ED6C100B69767 /* ChatOtherTVCell.swift */ = {isa = PBXFileReference; lastKnownFileType = sourcecode.swift; path = ChatOtherTVCell.swift; sourceTree = "<group>"; };
		CE56017E287ED6C100B69767 /* ChatOtherTVCell.xib */ = {isa = PBXFileReference; lastKnownFileType = file.xib; path = ChatOtherTVCell.xib; sourceTree = "<group>"; };
		CE560181287F46A400B69767 /* LoginResponseModel.swift */ = {isa = PBXFileReference; lastKnownFileType = sourcecode.swift; path = LoginResponseModel.swift; sourceTree = "<group>"; };
		CE560183287FF54700B69767 /* DataManager.swift */ = {isa = PBXFileReference; lastKnownFileType = sourcecode.swift; path = DataManager.swift; sourceTree = "<group>"; };
		CE9B372928993E0900210088 /* Ad-Drive.entitlements */ = {isa = PBXFileReference; lastKnownFileType = text.plist.entitlements; path = "Ad-Drive.entitlements"; sourceTree = "<group>"; };
		D21496A6047D067D94823DF7 /* Pods-Ad-DriveTests.debug.xcconfig */ = {isa = PBXFileReference; includeInIndex = 1; lastKnownFileType = text.xcconfig; name = "Pods-Ad-DriveTests.debug.xcconfig"; path = "Target Support Files/Pods-Ad-DriveTests/Pods-Ad-DriveTests.debug.xcconfig"; sourceTree = "<group>"; };
		EC77DAB9AC96B773B98158D7 /* Pods-Ad-DriveTests.release.xcconfig */ = {isa = PBXFileReference; includeInIndex = 1; lastKnownFileType = text.xcconfig; name = "Pods-Ad-DriveTests.release.xcconfig"; path = "Target Support Files/Pods-Ad-DriveTests/Pods-Ad-DriveTests.release.xcconfig"; sourceTree = "<group>"; };
/* End PBXFileReference section */

/* Begin PBXFrameworksBuildPhase section */
		8878B1AA284762D6008AD11D /* Frameworks */ = {
			isa = PBXFrameworksBuildPhase;
			buildActionMask = 2147483647;
			files = (
				36039DB39D9D0177B329783A /* Pods_Ad_Drive.framework in Frameworks */,
			);
			runOnlyForDeploymentPostprocessing = 0;
		};
		8878B1C0284762D8008AD11D /* Frameworks */ = {
			isa = PBXFrameworksBuildPhase;
			buildActionMask = 2147483647;
			files = (
				8857A74097BE512FB976B161 /* Pods_Ad_DriveTests.framework in Frameworks */,
			);
			runOnlyForDeploymentPostprocessing = 0;
		};
		8878B1CA284762D8008AD11D /* Frameworks */ = {
			isa = PBXFrameworksBuildPhase;
			buildActionMask = 2147483647;
			files = (
				107F5B7427AA864303C57C2E /* Pods_Ad_Drive_Ad_DriveUITests.framework in Frameworks */,
			);
			runOnlyForDeploymentPostprocessing = 0;
		};
/* End PBXFrameworksBuildPhase section */

/* Begin PBXGroup section */
		880EB5D528644AF200AE058D /* AllowedAlertVC */ = {
			isa = PBXGroup;
			children = (
				880EB5CF28644A2500AE058D /* AllowNotificationVC.swift */,
				880EB5D128644A6E00AE058D /* AllowMotionFitnessVC.swift */,
				880EB5D328644ACA00AE058D /* AllowLocationServicesVC.swift */,
			);
			path = AllowedAlertVC;
			sourceTree = "<group>";
		};
		880EB5D628644C2E00AE058D /* TabBarControllerVC */ = {
			isa = PBXGroup;
			children = (
				884E63C72860622000D1A075 /* DetailViewController.swift */,
				884E63C92860786F00D1A075 /* SettingViewController.swift */,
				88798BE32865984E0037B2ED /* TabBarVC.swift */,
			);
			path = TabBarControllerVC;
			sourceTree = "<group>";
		};
		88288389286333D300F7E3C8 /* GeneralCollectioViewCell */ = {
			isa = PBXGroup;
			children = (
				88288385286333C700F7E3C8 /* ImagesCollectionViewCell.swift */,
				88288386286333C700F7E3C8 /* ImagesCollectionViewCell.xib */,
			);
			path = GeneralCollectioViewCell;
			sourceTree = "<group>";
		};
		8878B1A4284762D6008AD11D = {
			isa = PBXGroup;
			children = (
				8878B1AF284762D6008AD11D /* Ad-Drive */,
				8878B1C6284762D8008AD11D /* Ad-DriveTests */,
				8878B1D0284762D8008AD11D /* Ad-DriveUITests */,
				8878B1AE284762D6008AD11D /* Products */,
				FACCB28AAEF042268FA7FB64 /* Pods */,
				D7F50DE484EA6BC739C6C5B9 /* Frameworks */,
			);
			sourceTree = "<group>";
		};
		8878B1AE284762D6008AD11D /* Products */ = {
			isa = PBXGroup;
			children = (
				8878B1AD284762D6008AD11D /* Ad-Drive.app */,
				8878B1C3284762D8008AD11D /* Ad-DriveTests.xctest */,
				8878B1CD284762D8008AD11D /* Ad-DriveUITests.xctest */,
			);
			name = Products;
			sourceTree = "<group>";
		};
		8878B1AF284762D6008AD11D /* Ad-Drive */ = {
			isa = PBXGroup;
			children = (
				CE9B372928993E0900210088 /* Ad-Drive.entitlements */,
				CE27FC00286C77D900A01595 /* Service */,
				CE27FBFF286C77D100A01595 /* Models */,
				88798BE72865B7DB0037B2ED /* AppDelegate */,
				88798BE62865B7C40037B2ED /* Assets */,
				88798BE52865B6D80037B2ED /* Support */,
				88288389286333D300F7E3C8 /* GeneralCollectioViewCell */,
				88895B242859E77600646011 /* GeneralTableViewCell */,
				8878B1EA28479179008AD11D /* @IBDesignablle */,
				8878B1E728479143008AD11D /* Extensions */,
				8878B1E5284789A1008AD11D /* ViewController */,
				8878B1E428478997008AD11D /* UI */,
				8878B1B2284762D6008AD11D /* SceneDelegate.swift */,
				8878B1BE284762D8008AD11D /* Info.plist */,
			);
			path = "Ad-Drive";
			sourceTree = "<group>";
		};
		8878B1C6284762D8008AD11D /* Ad-DriveTests */ = {
			isa = PBXGroup;
			children = (
				8878B1C7284762D8008AD11D /* Ad_DriveTests.swift */,
			);
			path = "Ad-DriveTests";
			sourceTree = "<group>";
		};
		8878B1D0284762D8008AD11D /* Ad-DriveUITests */ = {
			isa = PBXGroup;
			children = (
				8878B1D1284762D8008AD11D /* Ad_DriveUITests.swift */,
				8878B1D3284762D8008AD11D /* Ad_DriveUITestsLaunchTests.swift */,
			);
			path = "Ad-DriveUITests";
			sourceTree = "<group>";
		};
		8878B1E428478997008AD11D /* UI */ = {
			isa = PBXGroup;
			children = (
				8878B1BB284762D8008AD11D /* LaunchScreen.storyboard */,
				8878B1B6284762D6008AD11D /* Main.storyboard */,
			);
			path = UI;
			sourceTree = "<group>";
		};
		8878B1E5284789A1008AD11D /* ViewController */ = {
			isa = PBXGroup;
			children = (
				8878B1B4284762D6008AD11D /* SplashVC.swift */,
				880EB5D7286467A800AE058D /* WelcomeAppVC.swift */,
				88895BAF285B182500646011 /* ConditionsViewController.swift */,
				880EB5D928646EDA00AE058D /* RegistrationVC.swift */,
				8828837E286249EA00F7E3C8 /* ImagesViewController.swift */,
				880EB5DB28647CB100AE058D /* FinishInformationVC.swift */,
				88AF8860285DF1E20035B0C6 /* LoginViewController.swift */,
				8828838128632E8000F7E3C8 /* GalleryViewController.swift */,
				CE56016F287ECD7F00B69767 /* Chat */,
				880EB5D628644C2E00AE058D /* TabBarControllerVC */,
				880EB5D528644AF200AE058D /* AllowedAlertVC */,
			);
			path = ViewController;
			sourceTree = "<group>";
		};
		8878B1E728479143008AD11D /* Extensions */ = {
			isa = PBXGroup;
			children = (
				8878B1E828479151008AD11D /* File.swift */,
			);
			path = Extensions;
			sourceTree = "<group>";
		};
		8878B1EA28479179008AD11D /* @IBDesignablle */ = {
			isa = PBXGroup;
			children = (
				8878B1E2284763CD008AD11D /* CustomView.swift */,
				884E63C4285F5F6300D1A075 /* CustomButton.swift */,
			);
			path = "@IBDesignablle";
			sourceTree = "<group>";
		};
		88798BE52865B6D80037B2ED /* Support */ = {
			isa = PBXGroup;
			children = (
				88895B8A285B0C2800646011 /* tt-norms-pro-cufonfonts */,
				88895B29285B015400646011 /* TT-Norms-Fonts */,
				CE560183287FF54700B69767 /* DataManager.swift */,
			);
			path = Support;
			sourceTree = "<group>";
		};
		88798BE62865B7C40037B2ED /* Assets */ = {
			isa = PBXGroup;
			children = (
				8878B1B9284762D8008AD11D /* Assets.xcassets */,
			);
			path = Assets;
			sourceTree = "<group>";
		};
		88798BE72865B7DB0037B2ED /* AppDelegate */ = {
			isa = PBXGroup;
			children = (
				8878B1B0284762D6008AD11D /* AppDelegate.swift */,
			);
			path = AppDelegate;
			sourceTree = "<group>";
		};
		88895B242859E77600646011 /* GeneralTableViewCell */ = {
			isa = PBXGroup;
			children = (
				88895B252859E81200646011 /* DriverConditionsTableViewCell.swift */,
				88895B262859E81200646011 /* DriverConditionsTableViewCell.xib */,
			);
			path = GeneralTableViewCell;
			sourceTree = "<group>";
		};
		88895B29285B015400646011 /* TT-Norms-Fonts */ = {
			isa = PBXGroup;
			children = (
				88895B2E285B015400646011 /* TTNorms-ExtraBold.otf */,
				88895B2F285B015400646011 /* TTNorms-ExtraBoldItalic.otf */,
				88895B38285B015400646011 /* TTNorms-LightItalic.otf */,
				88895B3D285B015400646011 /* TTNorms-HeavyItalic.otf */,
				88895B40285B015400646011 /* TTNorms-Black.otf */,
				88895B43285B015400646011 /* TTNorms-BlackItalic.otf */,
				88895B44285B015400646011 /* TTNorms-BoldItalic.otf */,
				88895B45285B015400646011 /* TTNorms-Bold.otf */,
				88895B46285B015400646011 /* TTNorms-MediumItalic.otf */,
				88895B47285B015400646011 /* TTNorms-ExtraLight.otf */,
				88895B48285B015400646011 /* TTNorms-Regular.otf */,
				88895B49285B015400646011 /* TTNorms-Medium.otf */,
				88895B4A285B015400646011 /* TTNorms-ThinItalic.otf */,
				88895B4B285B015400646011 /* TTNorms-Thin.otf */,
				88895B4C285B015400646011 /* TTNorms-Italic.otf */,
				88895B4D285B015400646011 /* TTNorms-Heavy.otf */,
				88895B4F285B015400646011 /* TTNorms-ExtraLightItalic.otf */,
				88895B52285B015400646011 /* TTNorms-Light.otf */,
			);
			path = "TT-Norms-Fonts";
			sourceTree = "<group>";
		};
		88895B8A285B0C2800646011 /* tt-norms-pro-cufonfonts */ = {
			isa = PBXGroup;
			children = (
				88895B8B285B0C2800646011 /* TT Norms Pro Bold Italic.otf */,
				88895B8C285B0C2800646011 /* TT Norms Pro ExtraBold.otf */,
				88895B8D285B0C2800646011 /* TT Norms Pro Italic.otf */,
				88895B8E285B0C2800646011 /* TT Norms Pro Black.otf */,
				88895B8F285B0C2800646011 /* TT Norms Pro Light Italic.otf */,
				88895B90285B0C2800646011 /* TT Norms Pro ExtraBlack Italic.otf */,
				88895B91285B0C2800646011 /* TT Norms Pro Regular.otf */,
				88895B92285B0C2800646011 /* TT Norms Pro ExtraLight.otf */,
				88895B93285B0C2800646011 /* TT Norms Pro Thin Italic.otf */,
				88895B94285B0C2800646011 /* TT Norms Pro ExtraBlack.otf */,
				88895B95285B0C2800646011 /* TT Norms Pro Bold.otf */,
				88895B96285B0C2800646011 /* TT Norms Pro ExtraLight Italic.otf */,
				88895B97285B0C2800646011 /* TT Norms Pro Light.otf */,
				88895B98285B0C2800646011 /* TT Norms Pro Medium Italic.otf */,
				88895B99285B0C2800646011 /* TT Norms Pro Black Italic.otf */,
				88895B9A285B0C2800646011 /* TT Norms Pro ExtraBold Italic.otf */,
				88895B9B285B0C2800646011 /* TT Norms Pro Medium.otf */,
				88895B9C285B0C2800646011 /* TT Norms Pro Thin.otf */,
			);
			path = "tt-norms-pro-cufonfonts";
			sourceTree = "<group>";
		};
		CE27FBFF286C77D100A01595 /* Models */ = {
			isa = PBXGroup;
			children = (
				886A9784286DC9D300304FEB /* Car.swift */,
				CE560181287F46A400B69767 /* LoginResponseModel.swift */,
				886A9786286DC9D300304FEB /* Compaign.swift */,
				886A9785286DC9D300304FEB /* Data.swift */,
			);
			path = Models;
			sourceTree = "<group>";
		};
		CE27FC00286C77D900A01595 /* Service */ = {
			isa = PBXGroup;
			children = (
				CE27FC01286C79DC00A01595 /* ApiService.swift */,
				CE27FC03286C7A1A00A01595 /* Endpoints.swift */,
				886A9781286DC41000304FEB /* responseHandler.swift */,
			);
			path = Service;
			sourceTree = "<group>";
		};
		CE56016F287ECD7F00B69767 /* Chat */ = {
			isa = PBXGroup;
			children = (
				CE560170287ECD9400B69767 /* ChatMainVC.swift */,
				CE560172287ECDA800B69767 /* MessagingVC.swift */,
				CE560174287ECF8400B69767 /* ChatCells */,
			);
			path = Chat;
			sourceTree = "<group>";
		};
		CE560174287ECF8400B69767 /* ChatCells */ = {
			isa = PBXGroup;
			children = (
				CE560175287ECFDF00B69767 /* ChatMainTVCell.swift */,
				CE560176287ECFDF00B69767 /* ChatMainTVCell.xib */,
				CE560179287ED34300B69767 /* ChatMeTVCell.swift */,
				CE56017A287ED34300B69767 /* ChatMeTVCell.xib */,
				CE56017D287ED6C100B69767 /* ChatOtherTVCell.swift */,
				CE56017E287ED6C100B69767 /* ChatOtherTVCell.xib */,
			);
			path = ChatCells;
			sourceTree = "<group>";
		};
		D7F50DE484EA6BC739C6C5B9 /* Frameworks */ = {
			isa = PBXGroup;
			children = (
				7B2EDE327E6779E08384D73B /* Pods_Ad_Drive.framework */,
				36293F71B94F3CBEDE845183 /* Pods_Ad_Drive_Ad_DriveUITests.framework */,
				1D68ABFBCCC79633283ABDD4 /* Pods_Ad_DriveTests.framework */,
			);
			name = Frameworks;
			sourceTree = "<group>";
		};
		FACCB28AAEF042268FA7FB64 /* Pods */ = {
			isa = PBXGroup;
			children = (
				B9B99967ADCB646972F4BAAC /* Pods-Ad-Drive.debug.xcconfig */,
				5432C9BCB2893092359A6BAD /* Pods-Ad-Drive.release.xcconfig */,
				BB2E76E820C1A866A408C911 /* Pods-Ad-Drive-Ad-DriveUITests.debug.xcconfig */,
				6008A1B6E961496C0D82B350 /* Pods-Ad-Drive-Ad-DriveUITests.release.xcconfig */,
				D21496A6047D067D94823DF7 /* Pods-Ad-DriveTests.debug.xcconfig */,
				EC77DAB9AC96B773B98158D7 /* Pods-Ad-DriveTests.release.xcconfig */,
			);
			path = Pods;
			sourceTree = "<group>";
		};
/* End PBXGroup section */

/* Begin PBXNativeTarget section */
		8878B1AC284762D6008AD11D /* Ad-Drive */ = {
			isa = PBXNativeTarget;
			buildConfigurationList = 8878B1D7284762D8008AD11D /* Build configuration list for PBXNativeTarget "Ad-Drive" */;
			buildPhases = (
				97BD34717448D9CCEEC5FC9E /* [CP] Check Pods Manifest.lock */,
				8878B1A9284762D6008AD11D /* Sources */,
				8878B1AA284762D6008AD11D /* Frameworks */,
				8878B1AB284762D6008AD11D /* Resources */,
				1C29AB6EE32BEEF9F5DA9623 /* [CP] Embed Pods Frameworks */,
			);
			buildRules = (
			);
			dependencies = (
			);
			name = "Ad-Drive";
			productName = "Ad-Drive";
			productReference = 8878B1AD284762D6008AD11D /* Ad-Drive.app */;
			productType = "com.apple.product-type.application";
		};
		8878B1C2284762D8008AD11D /* Ad-DriveTests */ = {
			isa = PBXNativeTarget;
			buildConfigurationList = 8878B1DA284762D8008AD11D /* Build configuration list for PBXNativeTarget "Ad-DriveTests" */;
			buildPhases = (
				619A5CC8450CB7BCC12C8A3E /* [CP] Check Pods Manifest.lock */,
				8878B1BF284762D8008AD11D /* Sources */,
				8878B1C0284762D8008AD11D /* Frameworks */,
				8878B1C1284762D8008AD11D /* Resources */,
			);
			buildRules = (
			);
			dependencies = (
				8878B1C5284762D8008AD11D /* PBXTargetDependency */,
			);
			name = "Ad-DriveTests";
			productName = "Ad-DriveTests";
			productReference = 8878B1C3284762D8008AD11D /* Ad-DriveTests.xctest */;
			productType = "com.apple.product-type.bundle.unit-test";
		};
		8878B1CC284762D8008AD11D /* Ad-DriveUITests */ = {
			isa = PBXNativeTarget;
			buildConfigurationList = 8878B1DD284762D8008AD11D /* Build configuration list for PBXNativeTarget "Ad-DriveUITests" */;
			buildPhases = (
				454E028B634E194391931E0B /* [CP] Check Pods Manifest.lock */,
				8878B1C9284762D8008AD11D /* Sources */,
				8878B1CA284762D8008AD11D /* Frameworks */,
				8878B1CB284762D8008AD11D /* Resources */,
				77A7FCF2D62925F45665E32C /* [CP] Embed Pods Frameworks */,
			);
			buildRules = (
			);
			dependencies = (
				8878B1CF284762D8008AD11D /* PBXTargetDependency */,
			);
			name = "Ad-DriveUITests";
			productName = "Ad-DriveUITests";
			productReference = 8878B1CD284762D8008AD11D /* Ad-DriveUITests.xctest */;
			productType = "com.apple.product-type.bundle.ui-testing";
		};
/* End PBXNativeTarget section */

/* Begin PBXProject section */
		8878B1A5284762D6008AD11D /* Project object */ = {
			isa = PBXProject;
			attributes = {
				BuildIndependentTargetsInParallel = 1;
				LastSwiftUpdateCheck = 1320;
				LastUpgradeCheck = 1320;
				TargetAttributes = {
					8878B1AC284762D6008AD11D = {
						CreatedOnToolsVersion = 13.2;
					};
					8878B1C2284762D8008AD11D = {
						CreatedOnToolsVersion = 13.2;
						TestTargetID = 8878B1AC284762D6008AD11D;
					};
					8878B1CC284762D8008AD11D = {
						CreatedOnToolsVersion = 13.2;
						TestTargetID = 8878B1AC284762D6008AD11D;
					};
				};
			};
			buildConfigurationList = 8878B1A8284762D6008AD11D /* Build configuration list for PBXProject "Ad-Drive" */;
			compatibilityVersion = "Xcode 13.0";
			developmentRegion = en;
			hasScannedForEncodings = 0;
			knownRegions = (
				en,
				Base,
			);
			mainGroup = 8878B1A4284762D6008AD11D;
			productRefGroup = 8878B1AE284762D6008AD11D /* Products */;
			projectDirPath = "";
			projectRoot = "";
			targets = (
				8878B1AC284762D6008AD11D /* Ad-Drive */,
				8878B1C2284762D8008AD11D /* Ad-DriveTests */,
				8878B1CC284762D8008AD11D /* Ad-DriveUITests */,
			);
		};
/* End PBXProject section */

/* Begin PBXResourcesBuildPhase section */
		8878B1AB284762D6008AD11D /* Resources */ = {
			isa = PBXResourcesBuildPhase;
			buildActionMask = 2147483647;
			files = (
				88895B7D285B015400646011 /* TTNorms-Heavy.otf in Resources */,
				88895BA8285B0C2800646011 /* TT Norms Pro ExtraLight Italic.otf in Resources */,
				88895B5E285B015400646011 /* TTNorms-ExtraBold.otf in Resources */,
				88895B9F285B0C2800646011 /* TT Norms Pro Italic.otf in Resources */,
				8878B1BD284762D8008AD11D /* LaunchScreen.storyboard in Resources */,
				88895B70285B015400646011 /* TTNorms-Black.otf in Resources */,
				88895B68285B015400646011 /* TTNorms-LightItalic.otf in Resources */,
				88895BAD285B0C2800646011 /* TT Norms Pro Medium.otf in Resources */,
				CE560180287ED6C100B69767 /* ChatOtherTVCell.xib in Resources */,
				88895B7C285B015400646011 /* TTNorms-Italic.otf in Resources */,
				88895B9E285B0C2800646011 /* TT Norms Pro ExtraBold.otf in Resources */,
				88895BA3285B0C2800646011 /* TT Norms Pro Regular.otf in Resources */,
				88895B282859E81200646011 /* DriverConditionsTableViewCell.xib in Resources */,
				88895BAC285B0C2800646011 /* TT Norms Pro ExtraBold Italic.otf in Resources */,
				88895B73285B015400646011 /* TTNorms-BlackItalic.otf in Resources */,
				88895BA1285B0C2800646011 /* TT Norms Pro Light Italic.otf in Resources */,
				88895B75285B015400646011 /* TTNorms-Bold.otf in Resources */,
				CE56017C287ED34300B69767 /* ChatMeTVCell.xib in Resources */,
				88895B5F285B015400646011 /* TTNorms-ExtraBoldItalic.otf in Resources */,
				88895B7F285B015400646011 /* TTNorms-ExtraLightItalic.otf in Resources */,
				88895BAA285B0C2800646011 /* TT Norms Pro Medium Italic.otf in Resources */,
				88895B78285B015400646011 /* TTNorms-Regular.otf in Resources */,
				88895B6D285B015400646011 /* TTNorms-HeavyItalic.otf in Resources */,
				88895B76285B015400646011 /* TTNorms-MediumItalic.otf in Resources */,
				88895B79285B015400646011 /* TTNorms-Medium.otf in Resources */,
				88895BA5285B0C2800646011 /* TT Norms Pro Thin Italic.otf in Resources */,
				88288388286333C700F7E3C8 /* ImagesCollectionViewCell.xib in Resources */,
				8878B1BA284762D8008AD11D /* Assets.xcassets in Resources */,
				CE560178287ECFDF00B69767 /* ChatMainTVCell.xib in Resources */,
				88895BA0285B0C2800646011 /* TT Norms Pro Black.otf in Resources */,
				88895B7A285B015400646011 /* TTNorms-ThinItalic.otf in Resources */,
				88895BA4285B0C2800646011 /* TT Norms Pro ExtraLight.otf in Resources */,
				88895B9D285B0C2800646011 /* TT Norms Pro Bold Italic.otf in Resources */,
				88895B82285B015400646011 /* TTNorms-Light.otf in Resources */,
				88895B77285B015400646011 /* TTNorms-ExtraLight.otf in Resources */,
				88895BA6285B0C2800646011 /* TT Norms Pro ExtraBlack.otf in Resources */,
				88895BA9285B0C2800646011 /* TT Norms Pro Light.otf in Resources */,
				88895BA7285B0C2800646011 /* TT Norms Pro Bold.otf in Resources */,
				88895BA2285B0C2800646011 /* TT Norms Pro ExtraBlack Italic.otf in Resources */,
				88895B7B285B015400646011 /* TTNorms-Thin.otf in Resources */,
				88895B74285B015400646011 /* TTNorms-BoldItalic.otf in Resources */,
				88895BAB285B0C2800646011 /* TT Norms Pro Black Italic.otf in Resources */,
				8878B1B8284762D6008AD11D /* Main.storyboard in Resources */,
				88895BAE285B0C2800646011 /* TT Norms Pro Thin.otf in Resources */,
			);
			runOnlyForDeploymentPostprocessing = 0;
		};
		8878B1C1284762D8008AD11D /* Resources */ = {
			isa = PBXResourcesBuildPhase;
			buildActionMask = 2147483647;
			files = (
			);
			runOnlyForDeploymentPostprocessing = 0;
		};
		8878B1CB284762D8008AD11D /* Resources */ = {
			isa = PBXResourcesBuildPhase;
			buildActionMask = 2147483647;
			files = (
			);
			runOnlyForDeploymentPostprocessing = 0;
		};
/* End PBXResourcesBuildPhase section */

/* Begin PBXShellScriptBuildPhase section */
		1C29AB6EE32BEEF9F5DA9623 /* [CP] Embed Pods Frameworks */ = {
			isa = PBXShellScriptBuildPhase;
			buildActionMask = 2147483647;
			files = (
			);
			inputFileListPaths = (
				"${PODS_ROOT}/Target Support Files/Pods-Ad-Drive/Pods-Ad-Drive-frameworks-${CONFIGURATION}-input-files.xcfilelist",
			);
			name = "[CP] Embed Pods Frameworks";
			outputFileListPaths = (
				"${PODS_ROOT}/Target Support Files/Pods-Ad-Drive/Pods-Ad-Drive-frameworks-${CONFIGURATION}-output-files.xcfilelist",
			);
			runOnlyForDeploymentPostprocessing = 0;
			shellPath = /bin/sh;
			shellScript = "\"${PODS_ROOT}/Target Support Files/Pods-Ad-Drive/Pods-Ad-Drive-frameworks.sh\"\n";
			showEnvVarsInLog = 0;
		};
		454E028B634E194391931E0B /* [CP] Check Pods Manifest.lock */ = {
			isa = PBXShellScriptBuildPhase;
			buildActionMask = 2147483647;
			files = (
			);
			inputFileListPaths = (
			);
			inputPaths = (
				"${PODS_PODFILE_DIR_PATH}/Podfile.lock",
				"${PODS_ROOT}/Manifest.lock",
			);
			name = "[CP] Check Pods Manifest.lock";
			outputFileListPaths = (
			);
			outputPaths = (
				"$(DERIVED_FILE_DIR)/Pods-Ad-Drive-Ad-DriveUITests-checkManifestLockResult.txt",
			);
			runOnlyForDeploymentPostprocessing = 0;
			shellPath = /bin/sh;
			shellScript = "diff \"${PODS_PODFILE_DIR_PATH}/Podfile.lock\" \"${PODS_ROOT}/Manifest.lock\" > /dev/null\nif [ $? != 0 ] ; then\n    # print error to STDERR\n    echo \"error: The sandbox is not in sync with the Podfile.lock. Run 'pod install' or update your CocoaPods installation.\" >&2\n    exit 1\nfi\n# This output is used by Xcode 'outputs' to avoid re-running this script phase.\necho \"SUCCESS\" > \"${SCRIPT_OUTPUT_FILE_0}\"\n";
			showEnvVarsInLog = 0;
		};
		619A5CC8450CB7BCC12C8A3E /* [CP] Check Pods Manifest.lock */ = {
			isa = PBXShellScriptBuildPhase;
			buildActionMask = 2147483647;
			files = (
			);
			inputFileListPaths = (
			);
			inputPaths = (
				"${PODS_PODFILE_DIR_PATH}/Podfile.lock",
				"${PODS_ROOT}/Manifest.lock",
			);
			name = "[CP] Check Pods Manifest.lock";
			outputFileListPaths = (
			);
			outputPaths = (
				"$(DERIVED_FILE_DIR)/Pods-Ad-DriveTests-checkManifestLockResult.txt",
			);
			runOnlyForDeploymentPostprocessing = 0;
			shellPath = /bin/sh;
			shellScript = "diff \"${PODS_PODFILE_DIR_PATH}/Podfile.lock\" \"${PODS_ROOT}/Manifest.lock\" > /dev/null\nif [ $? != 0 ] ; then\n    # print error to STDERR\n    echo \"error: The sandbox is not in sync with the Podfile.lock. Run 'pod install' or update your CocoaPods installation.\" >&2\n    exit 1\nfi\n# This output is used by Xcode 'outputs' to avoid re-running this script phase.\necho \"SUCCESS\" > \"${SCRIPT_OUTPUT_FILE_0}\"\n";
			showEnvVarsInLog = 0;
		};
		77A7FCF2D62925F45665E32C /* [CP] Embed Pods Frameworks */ = {
			isa = PBXShellScriptBuildPhase;
			buildActionMask = 2147483647;
			files = (
			);
			inputFileListPaths = (
				"${PODS_ROOT}/Target Support Files/Pods-Ad-Drive-Ad-DriveUITests/Pods-Ad-Drive-Ad-DriveUITests-frameworks-${CONFIGURATION}-input-files.xcfilelist",
			);
			name = "[CP] Embed Pods Frameworks";
			outputFileListPaths = (
				"${PODS_ROOT}/Target Support Files/Pods-Ad-Drive-Ad-DriveUITests/Pods-Ad-Drive-Ad-DriveUITests-frameworks-${CONFIGURATION}-output-files.xcfilelist",
			);
			runOnlyForDeploymentPostprocessing = 0;
			shellPath = /bin/sh;
			shellScript = "\"${PODS_ROOT}/Target Support Files/Pods-Ad-Drive-Ad-DriveUITests/Pods-Ad-Drive-Ad-DriveUITests-frameworks.sh\"\n";
			showEnvVarsInLog = 0;
		};
		97BD34717448D9CCEEC5FC9E /* [CP] Check Pods Manifest.lock */ = {
			isa = PBXShellScriptBuildPhase;
			buildActionMask = 2147483647;
			files = (
			);
			inputFileListPaths = (
			);
			inputPaths = (
				"${PODS_PODFILE_DIR_PATH}/Podfile.lock",
				"${PODS_ROOT}/Manifest.lock",
			);
			name = "[CP] Check Pods Manifest.lock";
			outputFileListPaths = (
			);
			outputPaths = (
				"$(DERIVED_FILE_DIR)/Pods-Ad-Drive-checkManifestLockResult.txt",
			);
			runOnlyForDeploymentPostprocessing = 0;
			shellPath = /bin/sh;
			shellScript = "diff \"${PODS_PODFILE_DIR_PATH}/Podfile.lock\" \"${PODS_ROOT}/Manifest.lock\" > /dev/null\nif [ $? != 0 ] ; then\n    # print error to STDERR\n    echo \"error: The sandbox is not in sync with the Podfile.lock. Run 'pod install' or update your CocoaPods installation.\" >&2\n    exit 1\nfi\n# This output is used by Xcode 'outputs' to avoid re-running this script phase.\necho \"SUCCESS\" > \"${SCRIPT_OUTPUT_FILE_0}\"\n";
			showEnvVarsInLog = 0;
		};
/* End PBXShellScriptBuildPhase section */

/* Begin PBXSourcesBuildPhase section */
		8878B1A9284762D6008AD11D /* Sources */ = {
			isa = PBXSourcesBuildPhase;
			buildActionMask = 2147483647;
			files = (
				880EB5DC28647CB100AE058D /* FinishInformationVC.swift in Sources */,
				CE560171287ECD9400B69767 /* ChatMainVC.swift in Sources */,
				8878B1E928479151008AD11D /* File.swift in Sources */,
				884E63CA2860786F00D1A075 /* SettingViewController.swift in Sources */,
				88895B272859E81200646011 /* DriverConditionsTableViewCell.swift in Sources */,
				886A9788286DC9D400304FEB /* Car.swift in Sources */,
				884E63C5285F5F6300D1A075 /* CustomButton.swift in Sources */,
				880EB5DA28646EDA00AE058D /* RegistrationVC.swift in Sources */,
				CE27FC02286C79DC00A01595 /* ApiService.swift in Sources */,
				CE560184287FF54700B69767 /* DataManager.swift in Sources */,
				8878B1B5284762D6008AD11D /* SplashVC.swift in Sources */,
				CE560177287ECFDF00B69767 /* ChatMainTVCell.swift in Sources */,
				88798BE42865984E0037B2ED /* TabBarVC.swift in Sources */,
				8828838228632E8000F7E3C8 /* GalleryViewController.swift in Sources */,
				CE560173287ECDA800B69767 /* MessagingVC.swift in Sources */,
				CE56017B287ED34300B69767 /* ChatMeTVCell.swift in Sources */,
				8878B1E3284763CD008AD11D /* CustomView.swift in Sources */,
				8828837F286249EA00F7E3C8 /* ImagesViewController.swift in Sources */,
				CE27FC04286C7A1A00A01595 /* Endpoints.swift in Sources */,
				886A9782286DC41000304FEB /* responseHandler.swift in Sources */,
				88AF8861285DF1E20035B0C6 /* LoginViewController.swift in Sources */,
				8878B1B1284762D6008AD11D /* AppDelegate.swift in Sources */,
				CE560182287F46A400B69767 /* LoginResponseModel.swift in Sources */,
				880EB5D428644ACA00AE058D /* AllowLocationServicesVC.swift in Sources */,
				880EB5D8286467A800AE058D /* WelcomeAppVC.swift in Sources */,
				884E63C82860622000D1A075 /* DetailViewController.swift in Sources */,
				8878B1B3284762D6008AD11D /* SceneDelegate.swift in Sources */,
				88288387286333C700F7E3C8 /* ImagesCollectionViewCell.swift in Sources */,
				886A978A286DC9D400304FEB /* Compaign.swift in Sources */,
				880EB5D028644A2500AE058D /* AllowNotificationVC.swift in Sources */,
				CE56017F287ED6C100B69767 /* ChatOtherTVCell.swift in Sources */,
				88895BB0285B182500646011 /* ConditionsViewController.swift in Sources */,
				886A9789286DC9D400304FEB /* Data.swift in Sources */,
				880EB5D228644A6E00AE058D /* AllowMotionFitnessVC.swift in Sources */,
			);
			runOnlyForDeploymentPostprocessing = 0;
		};
		8878B1BF284762D8008AD11D /* Sources */ = {
			isa = PBXSourcesBuildPhase;
			buildActionMask = 2147483647;
			files = (
				8878B1C8284762D8008AD11D /* Ad_DriveTests.swift in Sources */,
			);
			runOnlyForDeploymentPostprocessing = 0;
		};
		8878B1C9284762D8008AD11D /* Sources */ = {
			isa = PBXSourcesBuildPhase;
			buildActionMask = 2147483647;
			files = (
				8878B1D4284762D8008AD11D /* Ad_DriveUITestsLaunchTests.swift in Sources */,
				8878B1D2284762D8008AD11D /* Ad_DriveUITests.swift in Sources */,
			);
			runOnlyForDeploymentPostprocessing = 0;
		};
/* End PBXSourcesBuildPhase section */

/* Begin PBXTargetDependency section */
		8878B1C5284762D8008AD11D /* PBXTargetDependency */ = {
			isa = PBXTargetDependency;
			target = 8878B1AC284762D6008AD11D /* Ad-Drive */;
			targetProxy = 8878B1C4284762D8008AD11D /* PBXContainerItemProxy */;
		};
		8878B1CF284762D8008AD11D /* PBXTargetDependency */ = {
			isa = PBXTargetDependency;
			target = 8878B1AC284762D6008AD11D /* Ad-Drive */;
			targetProxy = 8878B1CE284762D8008AD11D /* PBXContainerItemProxy */;
		};
/* End PBXTargetDependency section */

/* Begin PBXVariantGroup section */
		8878B1B6284762D6008AD11D /* Main.storyboard */ = {
			isa = PBXVariantGroup;
			children = (
				8878B1B7284762D6008AD11D /* Base */,
			);
			name = Main.storyboard;
			sourceTree = "<group>";
		};
		8878B1BB284762D8008AD11D /* LaunchScreen.storyboard */ = {
			isa = PBXVariantGroup;
			children = (
				8878B1BC284762D8008AD11D /* Base */,
			);
			name = LaunchScreen.storyboard;
			sourceTree = "<group>";
		};
/* End PBXVariantGroup section */

/* Begin XCBuildConfiguration section */
		8878B1D5284762D8008AD11D /* Debug */ = {
			isa = XCBuildConfiguration;
			buildSettings = {
				ALWAYS_SEARCH_USER_PATHS = NO;
				CLANG_ANALYZER_NONNULL = YES;
				CLANG_ANALYZER_NUMBER_OBJECT_CONVERSION = YES_AGGRESSIVE;
				CLANG_CXX_LANGUAGE_STANDARD = "gnu++17";
				CLANG_CXX_LIBRARY = "libc++";
				CLANG_ENABLE_MODULES = YES;
				CLANG_ENABLE_OBJC_ARC = YES;
				CLANG_ENABLE_OBJC_WEAK = YES;
				CLANG_WARN_BLOCK_CAPTURE_AUTORELEASING = YES;
				CLANG_WARN_BOOL_CONVERSION = YES;
				CLANG_WARN_COMMA = YES;
				CLANG_WARN_CONSTANT_CONVERSION = YES;
				CLANG_WARN_DEPRECATED_OBJC_IMPLEMENTATIONS = YES;
				CLANG_WARN_DIRECT_OBJC_ISA_USAGE = YES_ERROR;
				CLANG_WARN_DOCUMENTATION_COMMENTS = YES;
				CLANG_WARN_EMPTY_BODY = YES;
				CLANG_WARN_ENUM_CONVERSION = YES;
				CLANG_WARN_INFINITE_RECURSION = YES;
				CLANG_WARN_INT_CONVERSION = YES;
				CLANG_WARN_NON_LITERAL_NULL_CONVERSION = YES;
				CLANG_WARN_OBJC_IMPLICIT_RETAIN_SELF = YES;
				CLANG_WARN_OBJC_LITERAL_CONVERSION = YES;
				CLANG_WARN_OBJC_ROOT_CLASS = YES_ERROR;
				CLANG_WARN_QUOTED_INCLUDE_IN_FRAMEWORK_HEADER = YES;
				CLANG_WARN_RANGE_LOOP_ANALYSIS = YES;
				CLANG_WARN_STRICT_PROTOTYPES = YES;
				CLANG_WARN_SUSPICIOUS_MOVE = YES;
				CLANG_WARN_UNGUARDED_AVAILABILITY = YES_AGGRESSIVE;
				CLANG_WARN_UNREACHABLE_CODE = YES;
				CLANG_WARN__DUPLICATE_METHOD_MATCH = YES;
				COPY_PHASE_STRIP = NO;
				DEBUG_INFORMATION_FORMAT = dwarf;
				ENABLE_STRICT_OBJC_MSGSEND = YES;
				ENABLE_TESTABILITY = YES;
				GCC_C_LANGUAGE_STANDARD = gnu11;
				GCC_DYNAMIC_NO_PIC = NO;
				GCC_NO_COMMON_BLOCKS = YES;
				GCC_OPTIMIZATION_LEVEL = 0;
				GCC_PREPROCESSOR_DEFINITIONS = (
					"DEBUG=1",
					"$(inherited)",
				);
				GCC_WARN_64_TO_32_BIT_CONVERSION = YES;
				GCC_WARN_ABOUT_RETURN_TYPE = YES_ERROR;
				GCC_WARN_UNDECLARED_SELECTOR = YES;
				GCC_WARN_UNINITIALIZED_AUTOS = YES_AGGRESSIVE;
				GCC_WARN_UNUSED_FUNCTION = YES;
				GCC_WARN_UNUSED_VARIABLE = YES;
				IPHONEOS_DEPLOYMENT_TARGET = 15.2;
				MTL_ENABLE_DEBUG_INFO = INCLUDE_SOURCE;
				MTL_FAST_MATH = YES;
				ONLY_ACTIVE_ARCH = YES;
				SDKROOT = iphoneos;
				SWIFT_ACTIVE_COMPILATION_CONDITIONS = DEBUG;
				SWIFT_OPTIMIZATION_LEVEL = "-Onone";
			};
			name = Debug;
		};
		8878B1D6284762D8008AD11D /* Release */ = {
			isa = XCBuildConfiguration;
			buildSettings = {
				ALWAYS_SEARCH_USER_PATHS = NO;
				CLANG_ANALYZER_NONNULL = YES;
				CLANG_ANALYZER_NUMBER_OBJECT_CONVERSION = YES_AGGRESSIVE;
				CLANG_CXX_LANGUAGE_STANDARD = "gnu++17";
				CLANG_CXX_LIBRARY = "libc++";
				CLANG_ENABLE_MODULES = YES;
				CLANG_ENABLE_OBJC_ARC = YES;
				CLANG_ENABLE_OBJC_WEAK = YES;
				CLANG_WARN_BLOCK_CAPTURE_AUTORELEASING = YES;
				CLANG_WARN_BOOL_CONVERSION = YES;
				CLANG_WARN_COMMA = YES;
				CLANG_WARN_CONSTANT_CONVERSION = YES;
				CLANG_WARN_DEPRECATED_OBJC_IMPLEMENTATIONS = YES;
				CLANG_WARN_DIRECT_OBJC_ISA_USAGE = YES_ERROR;
				CLANG_WARN_DOCUMENTATION_COMMENTS = YES;
				CLANG_WARN_EMPTY_BODY = YES;
				CLANG_WARN_ENUM_CONVERSION = YES;
				CLANG_WARN_INFINITE_RECURSION = YES;
				CLANG_WARN_INT_CONVERSION = YES;
				CLANG_WARN_NON_LITERAL_NULL_CONVERSION = YES;
				CLANG_WARN_OBJC_IMPLICIT_RETAIN_SELF = YES;
				CLANG_WARN_OBJC_LITERAL_CONVERSION = YES;
				CLANG_WARN_OBJC_ROOT_CLASS = YES_ERROR;
				CLANG_WARN_QUOTED_INCLUDE_IN_FRAMEWORK_HEADER = YES;
				CLANG_WARN_RANGE_LOOP_ANALYSIS = YES;
				CLANG_WARN_STRICT_PROTOTYPES = YES;
				CLANG_WARN_SUSPICIOUS_MOVE = YES;
				CLANG_WARN_UNGUARDED_AVAILABILITY = YES_AGGRESSIVE;
				CLANG_WARN_UNREACHABLE_CODE = YES;
				CLANG_WARN__DUPLICATE_METHOD_MATCH = YES;
				COPY_PHASE_STRIP = NO;
				DEBUG_INFORMATION_FORMAT = "dwarf-with-dsym";
				ENABLE_NS_ASSERTIONS = NO;
				ENABLE_STRICT_OBJC_MSGSEND = YES;
				GCC_C_LANGUAGE_STANDARD = gnu11;
				GCC_NO_COMMON_BLOCKS = YES;
				GCC_WARN_64_TO_32_BIT_CONVERSION = YES;
				GCC_WARN_ABOUT_RETURN_TYPE = YES_ERROR;
				GCC_WARN_UNDECLARED_SELECTOR = YES;
				GCC_WARN_UNINITIALIZED_AUTOS = YES_AGGRESSIVE;
				GCC_WARN_UNUSED_FUNCTION = YES;
				GCC_WARN_UNUSED_VARIABLE = YES;
				IPHONEOS_DEPLOYMENT_TARGET = 15.2;
				MTL_ENABLE_DEBUG_INFO = NO;
				MTL_FAST_MATH = YES;
				SDKROOT = iphoneos;
				SWIFT_COMPILATION_MODE = wholemodule;
				SWIFT_OPTIMIZATION_LEVEL = "-O";
				VALIDATE_PRODUCT = YES;
			};
			name = Release;
		};
		8878B1D8284762D8008AD11D /* Debug */ = {
			isa = XCBuildConfiguration;
			baseConfigurationReference = B9B99967ADCB646972F4BAAC /* Pods-Ad-Drive.debug.xcconfig */;
			buildSettings = {
				ASSETCATALOG_COMPILER_APPICON_NAME = AppIcon;
				ASSETCATALOG_COMPILER_GLOBAL_ACCENT_COLOR_NAME = AccentColor;
				CODE_SIGN_ENTITLEMENTS = "Ad-Drive/Ad-Drive.entitlements";
				CODE_SIGN_IDENTITY = "Apple Development";
				CODE_SIGN_STYLE = Automatic;
				CURRENT_PROJECT_VERSION = 1;
				DEVELOPMENT_TEAM = XBW4V86AGZ;
				GENERATE_INFOPLIST_FILE = YES;
				INFOPLIST_FILE = "Ad-Drive/Info.plist";
				INFOPLIST_KEY_NSLocationAlwaysAndWhenInUseUsageDescription = "To record your trips, Ad-Drive Automatically collects your location when you drive even when the app is in the background. If you only “Allow Once” access to your location, some features may not work while this app is in the background.";
				INFOPLIST_KEY_NSLocationAlwaysUsageDescription = "To record your trips, Ad-Drive Automatically collects your location when you drive even when the app is in the background. If you only “Allow Once” access to your location, some features may not work while this app is in the background.";
				INFOPLIST_KEY_NSMotionUsageDescription = "Ad-Drive needs to access motion data to improve drive detection accuracy";
				INFOPLIST_KEY_UIApplicationSupportsIndirectInputEvents = YES;
				INFOPLIST_KEY_UILaunchStoryboardName = Main;
				INFOPLIST_KEY_UIMainStoryboardFile = Main;
				INFOPLIST_KEY_UISupportedInterfaceOrientations_iPad = "UIInterfaceOrientationPortrait UIInterfaceOrientationPortraitUpsideDown UIInterfaceOrientationLandscapeLeft UIInterfaceOrientationLandscapeRight";
				INFOPLIST_KEY_UISupportedInterfaceOrientations_iPhone = "UIInterfaceOrientationPortrait UIInterfaceOrientationLandscapeLeft UIInterfaceOrientationLandscapeRight";
				IPHONEOS_DEPLOYMENT_TARGET = 12.0;
				LD_RUNPATH_SEARCH_PATHS = (
					"$(inherited)",
					"@executable_path/Frameworks",
				);
				MARKETING_VERSION = 1.0;
				PRODUCT_BUNDLE_IDENTIFIER = "com.Ad-Drive.project";
				PRODUCT_NAME = "$(TARGET_NAME)";
				PROVISIONING_PROFILE_SPECIFIER = "";
				SWIFT_EMIT_LOC_STRINGS = YES;
				SWIFT_VERSION = 5.0;
				TARGETED_DEVICE_FAMILY = "1,2";
			};
			name = Debug;
		};
		8878B1D9284762D8008AD11D /* Release */ = {
			isa = XCBuildConfiguration;
			baseConfigurationReference = 5432C9BCB2893092359A6BAD /* Pods-Ad-Drive.release.xcconfig */;
			buildSettings = {
				ASSETCATALOG_COMPILER_APPICON_NAME = AppIcon;
				ASSETCATALOG_COMPILER_GLOBAL_ACCENT_COLOR_NAME = AccentColor;
				CODE_SIGN_ENTITLEMENTS = "Ad-Drive/Ad-Drive.entitlements";
				CODE_SIGN_IDENTITY = "Apple Development";
				CODE_SIGN_STYLE = Automatic;
				CURRENT_PROJECT_VERSION = 1;
				DEVELOPMENT_TEAM = XBW4V86AGZ;
				GENERATE_INFOPLIST_FILE = YES;
				INFOPLIST_FILE = "Ad-Drive/Info.plist";
				INFOPLIST_KEY_NSLocationAlwaysAndWhenInUseUsageDescription = "To record your trips, Ad-Drive Automatically collects your location when you drive even when the app is in the background. If you only “Allow Once” access to your location, some features may not work while this app is in the background.";
				INFOPLIST_KEY_NSLocationAlwaysUsageDescription = "To record your trips, Ad-Drive Automatically collects your location when you drive even when the app is in the background. If you only “Allow Once” access to your location, some features may not work while this app is in the background.";
				INFOPLIST_KEY_NSMotionUsageDescription = "Ad-Drive needs to access motion data to improve drive detection accuracy";
				INFOPLIST_KEY_UIApplicationSupportsIndirectInputEvents = YES;
				INFOPLIST_KEY_UILaunchStoryboardName = Main;
				INFOPLIST_KEY_UIMainStoryboardFile = Main;
				INFOPLIST_KEY_UISupportedInterfaceOrientations_iPad = "UIInterfaceOrientationPortrait UIInterfaceOrientationPortraitUpsideDown UIInterfaceOrientationLandscapeLeft UIInterfaceOrientationLandscapeRight";
				INFOPLIST_KEY_UISupportedInterfaceOrientations_iPhone = "UIInterfaceOrientationPortrait UIInterfaceOrientationLandscapeLeft UIInterfaceOrientationLandscapeRight";
				IPHONEOS_DEPLOYMENT_TARGET = 12.0;
				LD_RUNPATH_SEARCH_PATHS = (
					"$(inherited)",
					"@executable_path/Frameworks",
				);
				MARKETING_VERSION = 1.0;
				PRODUCT_BUNDLE_IDENTIFIER = "com.Ad-Drive.project";
				PRODUCT_NAME = "$(TARGET_NAME)";
				PROVISIONING_PROFILE_SPECIFIER = "";
				SWIFT_EMIT_LOC_STRINGS = YES;
				SWIFT_VERSION = 5.0;
				TARGETED_DEVICE_FAMILY = "1,2";
			};
			name = Release;
		};
		8878B1DB284762D8008AD11D /* Debug */ = {
			isa = XCBuildConfiguration;
			baseConfigurationReference = D21496A6047D067D94823DF7 /* Pods-Ad-DriveTests.debug.xcconfig */;
			buildSettings = {
				ALWAYS_EMBED_SWIFT_STANDARD_LIBRARIES = YES;
				BUNDLE_LOADER = "$(TEST_HOST)";
				CODE_SIGN_STYLE = Automatic;
				CURRENT_PROJECT_VERSION = 1;
				DEVELOPMENT_TEAM = XBW4V86AGZ;
				GENERATE_INFOPLIST_FILE = YES;
				IPHONEOS_DEPLOYMENT_TARGET = 15.2;
				MARKETING_VERSION = 1.0;
				PRODUCT_BUNDLE_IDENTIFIER = "com.hamza.AzerNar-.Ad-DriveTests";
				PRODUCT_NAME = "$(TARGET_NAME)";
				SWIFT_EMIT_LOC_STRINGS = NO;
				SWIFT_VERSION = 5.0;
				TARGETED_DEVICE_FAMILY = "1,2";
				TEST_HOST = "$(BUILT_PRODUCTS_DIR)/Ad-Drive.app/Ad-Drive";
			};
			name = Debug;
		};
		8878B1DC284762D8008AD11D /* Release */ = {
			isa = XCBuildConfiguration;
			baseConfigurationReference = EC77DAB9AC96B773B98158D7 /* Pods-Ad-DriveTests.release.xcconfig */;
			buildSettings = {
				ALWAYS_EMBED_SWIFT_STANDARD_LIBRARIES = YES;
				BUNDLE_LOADER = "$(TEST_HOST)";
				CODE_SIGN_STYLE = Automatic;
				CURRENT_PROJECT_VERSION = 1;
				DEVELOPMENT_TEAM = XBW4V86AGZ;
				GENERATE_INFOPLIST_FILE = YES;
				IPHONEOS_DEPLOYMENT_TARGET = 15.2;
				MARKETING_VERSION = 1.0;
				PRODUCT_BUNDLE_IDENTIFIER = "com.hamza.AzerNar-.Ad-DriveTests";
				PRODUCT_NAME = "$(TARGET_NAME)";
				SWIFT_EMIT_LOC_STRINGS = NO;
				SWIFT_VERSION = 5.0;
				TARGETED_DEVICE_FAMILY = "1,2";
				TEST_HOST = "$(BUILT_PRODUCTS_DIR)/Ad-Drive.app/Ad-Drive";
			};
			name = Release;
		};
		8878B1DE284762D8008AD11D /* Debug */ = {
			isa = XCBuildConfiguration;
			baseConfigurationReference = BB2E76E820C1A866A408C911 /* Pods-Ad-Drive-Ad-DriveUITests.debug.xcconfig */;
			buildSettings = {
				ALWAYS_EMBED_SWIFT_STANDARD_LIBRARIES = YES;
				CODE_SIGN_STYLE = Automatic;
				CURRENT_PROJECT_VERSION = 1;
				DEVELOPMENT_TEAM = XBW4V86AGZ;
				GENERATE_INFOPLIST_FILE = YES;
				MARKETING_VERSION = 1.0;
				PRODUCT_BUNDLE_IDENTIFIER = "com.hamza.AzerNar-.Ad-DriveUITests";
				PRODUCT_NAME = "$(TARGET_NAME)";
				SWIFT_EMIT_LOC_STRINGS = NO;
				SWIFT_VERSION = 5.0;
				TARGETED_DEVICE_FAMILY = "1,2";
				TEST_TARGET_NAME = "Ad-Drive";
			};
			name = Debug;
		};
		8878B1DF284762D8008AD11D /* Release */ = {
			isa = XCBuildConfiguration;
			baseConfigurationReference = 6008A1B6E961496C0D82B350 /* Pods-Ad-Drive-Ad-DriveUITests.release.xcconfig */;
			buildSettings = {
				ALWAYS_EMBED_SWIFT_STANDARD_LIBRARIES = YES;
				CODE_SIGN_STYLE = Automatic;
				CURRENT_PROJECT_VERSION = 1;
				DEVELOPMENT_TEAM = XBW4V86AGZ;
				GENERATE_INFOPLIST_FILE = YES;
				MARKETING_VERSION = 1.0;
				PRODUCT_BUNDLE_IDENTIFIER = "com.hamza.AzerNar-.Ad-DriveUITests";
				PRODUCT_NAME = "$(TARGET_NAME)";
				SWIFT_EMIT_LOC_STRINGS = NO;
				SWIFT_VERSION = 5.0;
				TARGETED_DEVICE_FAMILY = "1,2";
				TEST_TARGET_NAME = "Ad-Drive";
			};
			name = Release;
		};
/* End XCBuildConfiguration section */

/* Begin XCConfigurationList section */
		8878B1A8284762D6008AD11D /* Build configuration list for PBXProject "Ad-Drive" */ = {
			isa = XCConfigurationList;
			buildConfigurations = (
				8878B1D5284762D8008AD11D /* Debug */,
				8878B1D6284762D8008AD11D /* Release */,
			);
			defaultConfigurationIsVisible = 0;
			defaultConfigurationName = Release;
		};
		8878B1D7284762D8008AD11D /* Build configuration list for PBXNativeTarget "Ad-Drive" */ = {
			isa = XCConfigurationList;
			buildConfigurations = (
				8878B1D8284762D8008AD11D /* Debug */,
				8878B1D9284762D8008AD11D /* Release */,
			);
			defaultConfigurationIsVisible = 0;
			defaultConfigurationName = Release;
		};
		8878B1DA284762D8008AD11D /* Build configuration list for PBXNativeTarget "Ad-DriveTests" */ = {
			isa = XCConfigurationList;
			buildConfigurations = (
				8878B1DB284762D8008AD11D /* Debug */,
				8878B1DC284762D8008AD11D /* Release */,
			);
			defaultConfigurationIsVisible = 0;
			defaultConfigurationName = Release;
		};
		8878B1DD284762D8008AD11D /* Build configuration list for PBXNativeTarget "Ad-DriveUITests" */ = {
			isa = XCConfigurationList;
			buildConfigurations = (
				8878B1DE284762D8008AD11D /* Debug */,
				8878B1DF284762D8008AD11D /* Release */,
			);
			defaultConfigurationIsVisible = 0;
			defaultConfigurationName = Release;
		};
/* End XCConfigurationList section */
	};
	rootObject = 8878B1A5284762D6008AD11D /* Project object */;
}
